
Microsoft Visual Studio Solution File, Format Version 12.00
# Visual Studio Version 16
VisualStudioVersion = 16.0.30717.126
MinimumVisualStudioVersion = 10.0.40219.1
Project("{FAE04EC0-301F-11D3-BF4B-00C04F79EFBC}") = "Veza1", "Veza1\Veza1.csproj", "{C80F8D70-7F5C-4F33-926F-57DB0BEBE9E6}"
EndProject
Global
	GlobalSection(SolutionConfigurationPlatforms) = preSolution
		Debug|Any CPU = Debug|Any CPU
		Release|Any CPU = Release|Any CPU
	EndGlobalSection
	GlobalSection(ProjectConfigurationPlatforms) = postSolution
		{C80F8D70-7F5C-4F33-926F-57DB0BEBE9E6}.Debug|Any CPU.ActiveCfg = Debug|Any CPU
		{C80F8D70-7F5C-4F33-926F-57DB0BEBE9E6}.Debug|Any CPU.Build.0 = Debug|Any CPU
		{C80F8D70-7F5C-4F33-926F-57DB0BEBE9E6}.Release|Any CPU.ActiveCfg = Release|Any CPU
		{C80F8D70-7F5C-4F33-926F-57DB0BEBE9E6}.Release|Any CPU.Build.0 = Release|Any CPU
	EndGlobalSection
	GlobalSection(SolutionProperties) = preSolution
		HideSolutionNode = FALSE
	EndGlobalSection
	GlobalSection(ExtensibilityGlobals) = postSolution
		SolutionGuid = {861B8A5E-F5CF-4866-9DEE-63207EE0B629}
	EndGlobalSection
EndGlobal
